
Microsoft Visual Studio Solution File, Format Version 12.00
# Visual Studio Version 17
VisualStudioVersion = 17.0.31903.59
MinimumVisualStudioVersion = 10.0.40219.1
Project("{FAE04EC0-301F-11D3-BF4B-00C04F79EFBC}") = "DevFast.Net.Collection", "src\DevFast.Net.Collection\DevFast.Net.Collection.csproj", "{7B177AF8-FA6A-45BD-A1B8-CF3497EE3A33}"
EndProject
Global
	GlobalSection(SolutionConfigurationPlatforms) = preSolution
		Debug|Any CPU = Debug|Any CPU
		Release|Any CPU = Release|Any CPU
	EndGlobalSection
	GlobalSection(ProjectConfigurationPlatforms) = postSolution
		{7B177AF8-FA6A-45BD-A1B8-CF3497EE3A33}.Debug|Any CPU.ActiveCfg = Debug|Any CPU
		{7B177AF8-FA6A-45BD-A1B8-CF3497EE3A33}.Debug|Any CPU.Build.0 = Debug|Any CPU
		{7B177AF8-FA6A-45BD-A1B8-CF3497EE3A33}.Release|Any CPU.ActiveCfg = Release|Any CPU
		{7B177AF8-FA6A-45BD-A1B8-CF3497EE3A33}.Release|Any CPU.Build.0 = Release|Any CPU
	EndGlobalSection
	GlobalSection(SolutionProperties) = preSolution
		HideSolutionNode = FALSE
	EndGlobalSection
	GlobalSection(ExtensibilityGlobals) = postSolution
		SolutionGuid = {A370201B-B201-24D7-52E7-B0348FB3EFB6}
	EndGlobalSection
EndGlobal
